// !$*UTF8*$!
{
	archiveVersion = 1;
	classes = {
	};
	objectVersion = 48;
	objects = {

/* Begin PBXBuildFile section */
		8D4F3C422064614D003E5B14 /* AppDelegate.swift in Sources */ = {isa = PBXBuildFile; fileRef = 8D4F3C412064614D003E5B14 /* AppDelegate.swift */; };
		8D4F3C442064614D003E5B14 /* CellTableViewController.swift in Sources */ = {isa = PBXBuildFile; fileRef = 8D4F3C432064614D003E5B14 /* CellTableViewController.swift */; };
		8D4F3C472064614D003E5B14 /* Main.storyboard in Resources */ = {isa = PBXBuildFile; fileRef = 8D4F3C452064614D003E5B14 /* Main.storyboard */; };
		8D4F3C492064614D003E5B14 /* Assets.xcassets in Resources */ = {isa = PBXBuildFile; fileRef = 8D4F3C482064614D003E5B14 /* Assets.xcassets */; };
		8D4F3C4C2064614D003E5B14 /* LaunchScreen.storyboard in Resources */ = {isa = PBXBuildFile; fileRef = 8D4F3C4A2064614D003E5B14 /* LaunchScreen.storyboard */; };
		8D4F3C5420646AC7003E5B14 /* Constants.swift in Sources */ = {isa = PBXBuildFile; fileRef = 8D4F3C5320646AC7003E5B14 /* Constants.swift */; };
		8D4F3C5620646E3C003E5B14 /* Methods.swift in Sources */ = {isa = PBXBuildFile; fileRef = 8D4F3C5520646E3C003E5B14 /* Methods.swift */; };
		8D8BC04D2070533B00EFD1D8 /* MapViewController.swift in Sources */ = {isa = PBXBuildFile; fileRef = 8D8BC04C2070533B00EFD1D8 /* MapViewController.swift */; };
		8DA8F31B206E0B7F005F280E /* LoginViewController.swift in Sources */ = {isa = PBXBuildFile; fileRef = 8DA8F31A206E0B7F005F280E /* LoginViewController.swift */; };
		8DA8F31D206E0FDE005F280E /* StudentData.swift in Sources */ = {isa = PBXBuildFile; fileRef = 8DA8F31C206E0FDE005F280E /* StudentData.swift */; };
/* End PBXBuildFile section */

/* Begin PBXFileReference section */
		8D4F3C3E2064614D003E5B14 /* OnTheMap.app */ = {isa = PBXFileReference; explicitFileType = wrapper.application; includeInIndex = 0; path = OnTheMap.app; sourceTree = BUILT_PRODUCTS_DIR; };
		8D4F3C412064614D003E5B14 /* AppDelegate.swift */ = {isa = PBXFileReference; lastKnownFileType = sourcecode.swift; path = AppDelegate.swift; sourceTree = "<group>"; };
		8D4F3C432064614D003E5B14 /* CellTableViewController.swift */ = {isa = PBXFileReference; lastKnownFileType = sourcecode.swift; path = CellTableViewController.swift; sourceTree = "<group>"; };
		8D4F3C462064614D003E5B14 /* Base */ = {isa = PBXFileReference; lastKnownFileType = file.storyboard; name = Base; path = Base.lproj/Main.storyboard; sourceTree = "<group>"; };
		8D4F3C482064614D003E5B14 /* Assets.xcassets */ = {isa = PBXFileReference; lastKnownFileType = folder.assetcatalog; path = Assets.xcassets; sourceTree = "<group>"; };
		8D4F3C4B2064614D003E5B14 /* Base */ = {isa = PBXFileReference; lastKnownFileType = file.storyboard; name = Base; path = Base.lproj/LaunchScreen.storyboard; sourceTree = "<group>"; };
		8D4F3C4D2064614D003E5B14 /* Info.plist */ = {isa = PBXFileReference; lastKnownFileType = text.plist.xml; path = Info.plist; sourceTree = "<group>"; };
		8D4F3C5320646AC7003E5B14 /* Constants.swift */ = {isa = PBXFileReference; lastKnownFileType = sourcecode.swift; path = Constants.swift; sourceTree = "<group>"; };
		8D4F3C5520646E3C003E5B14 /* Methods.swift */ = {isa = PBXFileReference; lastKnownFileType = sourcecode.swift; path = Methods.swift; sourceTree = "<group>"; };
		8D8BC04C2070533B00EFD1D8 /* MapViewController.swift */ = {isa = PBXFileReference; lastKnownFileType = sourcecode.swift; path = MapViewController.swift; sourceTree = "<group>"; };
		8DA8F31A206E0B7F005F280E /* LoginViewController.swift */ = {isa = PBXFileReference; lastKnownFileType = sourcecode.swift; path = LoginViewController.swift; sourceTree = "<group>"; };
		8DA8F31C206E0FDE005F280E /* StudentData.swift */ = {isa = PBXFileReference; lastKnownFileType = sourcecode.swift; path = StudentData.swift; sourceTree = "<group>"; };
/* End PBXFileReference section */

/* Begin PBXFrameworksBuildPhase section */
		8D4F3C3B2064614D003E5B14 /* Frameworks */ = {
			isa = PBXFrameworksBuildPhase;
			buildActionMask = 2147483647;
			files = (
			);
			runOnlyForDeploymentPostprocessing = 0;
		};
/* End PBXFrameworksBuildPhase section */

/* Begin PBXGroup section */
		8D4F3C352064614C003E5B14 = {
			isa = PBXGroup;
			children = (
				8D4F3C402064614D003E5B14 /* OnTheMap */,
				8D4F3C3F2064614D003E5B14 /* Products */,
			);
			sourceTree = "<group>";
		};
		8D4F3C3F2064614D003E5B14 /* Products */ = {
			isa = PBXGroup;
			children = (
				8D4F3C3E2064614D003E5B14 /* OnTheMap.app */,
			);
			name = Products;
			sourceTree = "<group>";
		};
		8D4F3C402064614D003E5B14 /* OnTheMap */ = {
			isa = PBXGroup;
			children = (
				8D4F3C592064AC18003E5B14 /* Controller */,
				8D4F3C582064AC12003E5B14 /* View */,
				8D4F3C572064AC0A003E5B14 /* Model */,
				8D4F3C452064614D003E5B14 /* Main.storyboard */,
				8D4F3C482064614D003E5B14 /* Assets.xcassets */,
				8D4F3C4A2064614D003E5B14 /* LaunchScreen.storyboard */,
				8D4F3C4D2064614D003E5B14 /* Info.plist */,
			);
			path = OnTheMap;
			sourceTree = "<group>";
		};
		8D4F3C572064AC0A003E5B14 /* Model */ = {
			isa = PBXGroup;
			children = (
				8D4F3C5320646AC7003E5B14 /* Constants.swift */,
				8DA8F31C206E0FDE005F280E /* StudentData.swift */,
			);
			path = Model;
			sourceTree = "<group>";
		};
		8D4F3C582064AC12003E5B14 /* View */ = {
			isa = PBXGroup;
			children = (
				8D4F3C432064614D003E5B14 /* CellTableViewController.swift */,
				8DA8F31A206E0B7F005F280E /* LoginViewController.swift */,
				8D8BC04C2070533B00EFD1D8 /* MapViewController.swift */,
			);
			path = View;
			sourceTree = "<group>";
		};
		8D4F3C592064AC18003E5B14 /* Controller */ = {
			isa = PBXGroup;
			children = (
				8D4F3C412064614D003E5B14 /* AppDelegate.swift */,
				8D4F3C5520646E3C003E5B14 /* Methods.swift */,
			);
			path = Controller;
			sourceTree = "<group>";
		};
/* End PBXGroup section */

/* Begin PBXNativeTarget section */
		8D4F3C3D2064614D003E5B14 /* OnTheMap */ = {
			isa = PBXNativeTarget;
			buildConfigurationList = 8D4F3C502064614D003E5B14 /* Build configuration list for PBXNativeTarget "OnTheMap" */;
			buildPhases = (
				8D4F3C3A2064614D003E5B14 /* Sources */,
				8D4F3C3B2064614D003E5B14 /* Frameworks */,
				8D4F3C3C2064614D003E5B14 /* Resources */,
			);
			buildRules = (
			);
			dependencies = (
			);
			name = OnTheMap;
			productName = OnTheMap;
			productReference = 8D4F3C3E2064614D003E5B14 /* OnTheMap.app */;
			productType = "com.apple.product-type.application";
		};
/* End PBXNativeTarget section */

/* Begin PBXProject section */
		8D4F3C362064614C003E5B14 /* Project object */ = {
			isa = PBXProject;
			attributes = {
				LastSwiftUpdateCheck = 0920;
				LastUpgradeCheck = 0920;
				ORGANIZATIONNAME = "Timothy Isenman";
				TargetAttributes = {
					8D4F3C3D2064614D003E5B14 = {
						CreatedOnToolsVersion = 9.2;
						ProvisioningStyle = Automatic;
					};
				};
			};
			buildConfigurationList = 8D4F3C392064614D003E5B14 /* Build configuration list for PBXProject "OnTheMap" */;
			compatibilityVersion = "Xcode 8.0";
			developmentRegion = en;
			hasScannedForEncodings = 0;
			knownRegions = (
				en,
				Base,
			);
			mainGroup = 8D4F3C352064614C003E5B14;
			productRefGroup = 8D4F3C3F2064614D003E5B14 /* Products */;
			projectDirPath = "";
			projectRoot = "";
			targets = (
				8D4F3C3D2064614D003E5B14 /* OnTheMap */,
			);
		};
/* End PBXProject section */

/* Begin PBXResourcesBuildPhase section */
		8D4F3C3C2064614D003E5B14 /* Resources */ = {
			isa = PBXResourcesBuildPhase;
			buildActionMask = 2147483647;
			files = (
				8D4F3C4C2064614D003E5B14 /* LaunchScreen.storyboard in Resources */,
				8D4F3C492064614D003E5B14 /* Assets.xcassets in Resources */,
				8D4F3C472064614D003E5B14 /* Main.storyboard in Resources */,
			);
			runOnlyForDeploymentPostprocessing = 0;
		};
/* End PBXResourcesBuildPhase section */

/* Begin PBXSourcesBuildPhase section */
		8D4F3C3A2064614D003E5B14 /* Sources */ = {
			isa = PBXSourcesBuildPhase;
			buildActionMask = 2147483647;
			files = (
				8DA8F31B206E0B7F005F280E /* LoginViewController.swift in Sources */,
				8DA8F31D206E0FDE005F280E /* StudentData.swift in Sources */,
				8D4F3C5620646E3C003E5B14 /* Methods.swift in Sources */,
				8D4F3C442064614D003E5B14 /* CellTableViewController.swift in Sources */,
				8D4F3C422064614D003E5B14 /* AppDelegate.swift in Sources */,
				8D4F3C5420646AC7003E5B14 /* Constants.swift in Sources */,
				8D8BC04D2070533B00EFD1D8 /* MapViewController.swift in Sources */,
			);
			runOnlyForDeploymentPostprocessing = 0;
		};
/* End PBXSourcesBuildPhase section */

/* Begin PBXVariantGroup section */
		8D4F3C452064614D003E5B14 /* Main.storyboard */ = {
			isa = PBXVariantGroup;
			children = (
				8D4F3C462064614D003E5B14 /* Base */,
			);
			name = Main.storyboard;
			sourceTree = "<group>";
		};
		8D4F3C4A2064614D003E5B14 /* LaunchScreen.storyboard */ = {
			isa = PBXVariantGroup;
			children = (
				8D4F3C4B2064614D003E5B14 /* Base */,
			);
			name = LaunchScreen.storyboard;
			sourceTree = "<group>";
		};
/* End PBXVariantGroup section */

/* Begin XCBuildConfiguration section */
		8D4F3C4E2064614D003E5B14 /* Debug */ = {
			isa = XCBuildConfiguration;
			buildSettings = {
				ALWAYS_SEARCH_USER_PATHS = NO;
				CLANG_ANALYZER_NONNULL = YES;
				CLANG_ANALYZER_NUMBER_OBJECT_CONVERSION = YES_AGGRESSIVE;
				CLANG_CXX_LANGUAGE_STANDARD = "gnu++14";
				CLANG_CXX_LIBRARY = "libc++";
				CLANG_ENABLE_MODULES = YES;
				CLANG_ENABLE_OBJC_ARC = YES;
				CLANG_WARN_BLOCK_CAPTURE_AUTORELEASING = YES;
				CLANG_WARN_BOOL_CONVERSION = YES;
				CLANG_WARN_COMMA = YES;
				CLANG_WARN_CONSTANT_CONVERSION = YES;
				CLANG_WARN_DIRECT_OBJC_ISA_USAGE = YES_ERROR;
				CLANG_WARN_DOCUMENTATION_COMMENTS = YES;
				CLANG_WARN_EMPTY_BODY = YES;
				CLANG_WARN_ENUM_CONVERSION = YES;
				CLANG_WARN_INFINITE_RECURSION = YES;
				CLANG_WARN_INT_CONVERSION = YES;
				CLANG_WARN_NON_LITERAL_NULL_CONVERSION = YES;
				CLANG_WARN_OBJC_LITERAL_CONVERSION = YES;
				CLANG_WARN_OBJC_ROOT_CLASS = YES_ERROR;
				CLANG_WARN_RANGE_LOOP_ANALYSIS = YES;
				CLANG_WARN_STRICT_PROTOTYPES = YES;
				CLANG_WARN_SUSPICIOUS_MOVE = YES;
				CLANG_WARN_UNGUARDED_AVAILABILITY = YES_AGGRESSIVE;
				CLANG_WARN_UNREACHABLE_CODE = YES;
				CLANG_WARN__DUPLICATE_METHOD_MATCH = YES;
				CODE_SIGN_IDENTITY = "iPhone Developer";
				COPY_PHASE_STRIP = NO;
				DEBUG_INFORMATION_FORMAT = dwarf;
				ENABLE_STRICT_OBJC_MSGSEND = YES;
				ENABLE_TESTABILITY = YES;
				GCC_C_LANGUAGE_STANDARD = gnu11;
				GCC_DYNAMIC_NO_PIC = NO;
				GCC_NO_COMMON_BLOCKS = YES;
				GCC_OPTIMIZATION_LEVEL = 0;
				GCC_PREPROCESSOR_DEFINITIONS = (
					"DEBUG=1",
					"$(inherited)",
				);
				GCC_WARN_64_TO_32_BIT_CONVERSION = YES;
				GCC_WARN_ABOUT_RETURN_TYPE = YES_ERROR;
				GCC_WARN_UNDECLARED_SELECTOR = YES;
				GCC_WARN_UNINITIALIZED_AUTOS = YES_AGGRESSIVE;
				GCC_WARN_UNUSED_FUNCTION = YES;
				GCC_WARN_UNUSED_VARIABLE = YES;
				IPHONEOS_DEPLOYMENT_TARGET = 11.2;
				MTL_ENABLE_DEBUG_INFO = YES;
				ONLY_ACTIVE_ARCH = YES;
				SDKROOT = iphoneos;
				SWIFT_ACTIVE_COMPILATION_CONDITIONS = DEBUG;
				SWIFT_OPTIMIZATION_LEVEL = "-Onone";
			};
			name = Debug;
		};
		8D4F3C4F2064614D003E5B14 /* Release */ = {
			isa = XCBuildConfiguration;
			buildSettings = {
				ALWAYS_SEARCH_USER_PATHS = NO;
				CLANG_ANALYZER_NONNULL = YES;
				CLANG_ANALYZER_NUMBER_OBJECT_CONVERSION = YES_AGGRESSIVE;
				CLANG_CXX_LANGUAGE_STANDARD = "gnu++14";
				CLANG_CXX_LIBRARY = "libc++";
				CLANG_ENABLE_MODULES = YES;
				CLANG_ENABLE_OBJC_ARC = YES;
				CLANG_WARN_BLOCK_CAPTURE_AUTORELEASING = YES;
				CLANG_WARN_BOOL_CONVERSION = YES;
				CLANG_WARN_COMMA = YES;
				CLANG_WARN_CONSTANT_CONVERSION = YES;
				CLANG_WARN_DIRECT_OBJC_ISA_USAGE = YES_ERROR;
				CLANG_WARN_DOCUMENTATION_COMMENTS = YES;
				CLANG_WARN_EMPTY_BODY = YES;
				CLANG_WARN_ENUM_CONVERSION = YES;
				CLANG_WARN_INFINITE_RECURSION = YES;
				CLANG_WARN_INT_CONVERSION = YES;
				CLANG_WARN_NON_LITERAL_NULL_CONVERSION = YES;
				CLANG_WARN_OBJC_LITERAL_CONVERSION = YES;
				CLANG_WARN_OBJC_ROOT_CLASS = YES_ERROR;
				CLANG_WARN_RANGE_LOOP_ANALYSIS = YES;
				CLANG_WARN_STRICT_PROTOTYPES = YES;
				CLANG_WARN_SUSPICIOUS_MOVE = YES;
				CLANG_WARN_UNGUARDED_AVAILABILITY = YES_AGGRESSIVE;
				CLANG_WARN_UNREACHABLE_CODE = YES;
				CLANG_WARN__DUPLICATE_METHOD_MATCH = YES;
				CODE_SIGN_IDENTITY = "iPhone Developer";
				COPY_PHASE_STRIP = NO;
				DEBUG_INFORMATION_FORMAT = "dwarf-with-dsym";
				ENABLE_NS_ASSERTIONS = NO;
				ENABLE_STRICT_OBJC_MSGSEND = YES;
				GCC_C_LANGUAGE_STANDARD = gnu11;
				GCC_NO_COMMON_BLOCKS = YES;
				GCC_WARN_64_TO_32_BIT_CONVERSION = YES;
				GCC_WARN_ABOUT_RETURN_TYPE = YES_ERROR;
				GCC_WARN_UNDECLARED_SELECTOR = YES;
				GCC_WARN_UNINITIALIZED_AUTOS = YES_AGGRESSIVE;
				GCC_WARN_UNUSED_FUNCTION = YES;
				GCC_WARN_UNUSED_VARIABLE = YES;
				IPHONEOS_DEPLOYMENT_TARGET = 11.2;
				MTL_ENABLE_DEBUG_INFO = NO;
				SDKROOT = iphoneos;
				SWIFT_OPTIMIZATION_LEVEL = "-Owholemodule";
				VALIDATE_PRODUCT = YES;
			};
			name = Release;
		};
		8D4F3C512064614D003E5B14 /* Debug */ = {
			isa = XCBuildConfiguration;
			buildSettings = {
				ASSETCATALOG_COMPILER_APPICON_NAME = AppIcon;
				CODE_SIGN_STYLE = Automatic;
				DEVELOPMENT_TEAM = D5FYBS9KWD;
				INFOPLIST_FILE = OnTheMap/Info.plist;
				LD_RUNPATH_SEARCH_PATHS = "$(inherited) @executable_path/Frameworks";
				PRODUCT_BUNDLE_IDENTIFIER = tim.OnTheMap;
				PRODUCT_NAME = "$(TARGET_NAME)";
				SWIFT_VERSION = 4.0;
				TARGETED_DEVICE_FAMILY = "1,2";
			};
			name = Debug;
		};
		8D4F3C522064614D003E5B14 /* Release */ = {
			isa = XCBuildConfiguration;
			buildSettings = {
				ASSETCATALOG_COMPILER_APPICON_NAME = AppIcon;
				CODE_SIGN_STYLE = Automatic;
				DEVELOPMENT_TEAM = D5FYBS9KWD;
				INFOPLIST_FILE = OnTheMap/Info.plist;
				LD_RUNPATH_SEARCH_PATHS = "$(inherited) @executable_path/Frameworks";
				PRODUCT_BUNDLE_IDENTIFIER = tim.OnTheMap;
				PRODUCT_NAME = "$(TARGET_NAME)";
				SWIFT_VERSION = 4.0;
				TARGETED_DEVICE_FAMILY = "1,2";
			};
			name = Release;
		};
/* End XCBuildConfiguration section */

/* Begin XCConfigurationList section */
		8D4F3C392064614D003E5B14 /* Build configuration list for PBXProject "OnTheMap" */ = {
			isa = XCConfigurationList;
			buildConfigurations = (
				8D4F3C4E2064614D003E5B14 /* Debug */,
				8D4F3C4F2064614D003E5B14 /* Release */,
			);
			defaultConfigurationIsVisible = 0;
			defaultConfigurationName = Release;
		};
		8D4F3C502064614D003E5B14 /* Build configuration list for PBXNativeTarget "OnTheMap" */ = {
			isa = XCConfigurationList;
			buildConfigurations = (
				8D4F3C512064614D003E5B14 /* Debug */,
				8D4F3C522064614D003E5B14 /* Release */,
			);
			defaultConfigurationIsVisible = 0;
			defaultConfigurationName = Release;
		};
/* End XCConfigurationList section */
	};
	rootObject = 8D4F3C362064614C003E5B14 /* Project object */;
}
